Microsoft Visual Studio Solution File, Format Version 11.00
# Visual Studio 2008

Project("{A972BAA6-3CB2-8542-EF43-48E907E45967}") = "TGC2017 Mage Circel", "Assembly-CSharp-firstpass.csproj", "{28EBA827-8535-2FF0-0E5F-2BD55FD49586}"
EndProject
Project("{A972BAA6-3CB2-8542-EF43-48E907E45967}") = "TGC2017 Mage Circel", "Assembly-CSharp.csproj", "{BE8CAFFE-9DE9-9EDC-5901-036DB5ED3ED7}"
EndProject
Project("{A972BAA6-3CB2-8542-EF43-48E907E45967}") = "TGC2017 Mage Circel", "Assembly-CSharp-Editor.csproj", "{BB78BD14-547A-B6E0-84C7-7AD5C6CF4ED4}"
EndProject
Global
	GlobalSection(SolutionConfigurationPlatforms) = preSolution
		Debug|Any CPU = Debug|Any CPU
		Release|Any CPU = Release|Any CPU
	EndGlobalSection
	GlobalSection(ProjectConfigurationPlatforms) = postSolution
		{28EBA827-8535-2FF0-0E5F-2BD55FD49586}.Debug|Any CPU.ActiveCfg = Debug|Any CPU
		{28EBA827-8535-2FF0-0E5F-2BD55FD49586}.Debug|Any CPU.Build.0 = Debug|Any CPU
		{28EBA827-8535-2FF0-0E5F-2BD55FD49586}.Release|Any CPU.ActiveCfg = Release|Any CPU
		{28EBA827-8535-2FF0-0E5F-2BD55FD49586}.Release|Any CPU.Build.0 = Release|Any CPU
		{BE8CAFFE-9DE9-9EDC-5901-036DB5ED3ED7}.Debug|Any CPU.ActiveCfg = Debug|Any CPU
		{BE8CAFFE-9DE9-9EDC-5901-036DB5ED3ED7}.Debug|Any CPU.Build.0 = Debug|Any CPU
		{BE8CAFFE-9DE9-9EDC-5901-036DB5ED3ED7}.Release|Any CPU.ActiveCfg = Release|Any CPU
		{BE8CAFFE-9DE9-9EDC-5901-036DB5ED3ED7}.Release|Any CPU.Build.0 = Release|Any CPU
		{BB78BD14-547A-B6E0-84C7-7AD5C6CF4ED4}.Debug|Any CPU.ActiveCfg = Debug|Any CPU
		{BB78BD14-547A-B6E0-84C7-7AD5C6CF4ED4}.Debug|Any CPU.Build.0 = Debug|Any CPU
		{BB78BD14-547A-B6E0-84C7-7AD5C6CF4ED4}.Release|Any CPU.ActiveCfg = Release|Any CPU
		{BB78BD14-547A-B6E0-84C7-7AD5C6CF4ED4}.Release|Any CPU.Build.0 = Release|Any CPU
	EndGlobalSection
	GlobalSection(SolutionProperties) = preSolution
		HideSolutionNode = FALSE
	EndGlobalSection
																																																																																																																																																																																																				GlobalSection(MonoDevelopProperties) = preSolution
		StartupItem = Assembly-CSharp.csproj
		Policies = $0
		$0.TextStylePolicy = $1
		$1.inheritsSet = null
		$1.scope = text/x-csharp
		$0.CSharpFormattingPolicy = $2
		$2.inheritsSet = Mono
		$2.inheritsScope = text/x-csharp
		$2.scope = text/x-csharp
		$0.TextStylePolicy = $3
		$3.FileWidth = 120
		$3.TabWidth = 4
		$3.IndentWidth = 4
		$3.EolMarker = Unix
		$3.inheritsSet = Mono
		$3.inheritsScope = text/plain
		$3.scope = text/plain
	EndGlobalSection
EndGlobal
